{
  "lockfile_version": "1",
  "packages": {
    "github:NixOS/nixpkgs/nixpkgs-unstable": {
      "last_modified": "2026-08-20T07:12:19Z",
      "resolved": "github:NixOS/nixpkgs/391b592eb44808b3bd0cb80bb71b63a5a118b8bb?lastModified=1787209939&narHash=sha256-WvvHR4kSQLAbtouMC%2FruZ5UpLwlUcY3K4FAllMN%2ByGk%3D"
    }
  }
}
